{
  "lockfileVersion": 1,
  "workspaces": {
    "": {
      "name": "backend",
      "dependencies": {
        "@elysiajs/cors": "^1.2.0",
        "@elysiajs/swagger": "^1.2.2",
        "@types/node": "^22.14.1",
        "elysia": "latest",
        "firebase": "^11.6.0",
        "firebase-admin": "^13.2.0",
        "logestic": "^1.2.4",
      },
      "devDependencies": {
        "@types/bun": "latest",
        "@types/firebase": "^2.4.32",
        "bun-types": "latest",
      },
      "peerDependencies": {
        "typescript": "^5.8.3",
      },
    },
  },
  "packages": {
    "@elysiajs/cors": ["@elysiajs/cors@1.2.0", "", { "peerDependencies": { "elysia": ">= 1.2.0" } }, "sha512-qsJwDAg6WfdQRMfj6uSMcDPSpXvm/zQFeAX1uuJXhIgazH8itSfcDxcH9pMuXVRX1yQNi2pPwNQLJmAcw5mzvw=="],

    "@elysiajs/swagger": ["@elysiajs/swagger@1.2.2", "", { "dependencies": { "@scalar/themes": "^0.9.52", "@scalar/types": "^0.0.12", "openapi-types": "^12.1.3", "pathe": "^1.1.2" }, "peerDependencies": { "elysia": ">= 1.2.0" } }, "sha512-DG0PbX/wzQNQ6kIpFFPCvmkkWTIbNWDS7lVLv3Puy6ONklF14B4NnbDfpYjX1hdSYKeCqKBBOuenh6jKm8tbYA=="],

    "@fastify/busboy": ["@fastify/busboy@3.1.1", "", {}, ""],

    "@firebase/analytics": ["@firebase/analytics@0.10.12", "", { "dependencies": { "@firebase/component": "0.6.13", "@firebase/installations": "0.6.13", "@firebase/logger": "0.4.4", "@firebase/util": "1.11.0", "tslib": "^2.1.0" }, "peerDependencies": { "@firebase/app": "0.x" } }, "sha512-iDCGnw6qdFqwI5ywkgece99WADJNoymu+nLIQI4fZM/vCZ3bEo4wlpEetW71s1HqGpI0hQStiPhqVjFxDb2yyw=="],

    "@firebase/analytics-compat": ["@firebase/analytics-compat@0.2.18", "", { "dependencies": { "@firebase/analytics": "0.10.12", "@firebase/analytics-types": "0.8.3", "@firebase/component": "0.6.13", "@firebase/util": "1.11.0", "tslib": "^2.1.0" }, "peerDependencies": { "@firebase/app-compat": "0.x" } }, "sha512-Hw9mzsSMZaQu6wrTbi3kYYwGw9nBqOHr47pVLxfr5v8CalsdrG5gfs9XUlPOZjHRVISp3oQrh1j7d3E+ulHPjQ=="],

    "@firebase/analytics-types": ["@firebase/analytics-types@0.8.3", "", {}, "sha512-VrIp/d8iq2g501qO46uGz3hjbDb8xzYMrbu8Tp0ovzIzrvJZ2fvmj649gTjge/b7cCCcjT0H37g1gVtlNhnkbg=="],

    "@firebase/app": ["@firebase/app@0.11.4", "", { "dependencies": { "@firebase/component": "0.6.13", "@firebase/logger": "0.4.4", "@firebase/util": "1.11.0", "idb": "7.1.1", "tslib": "^2.1.0" } }, "sha512-GPREsZjfSaHzwyC6cI/Cqvzf6zxqMzya+25tSpUstdqC2w0IdfxEfOMjfdW7bDfVEf4Rb4Nb6gfoOAgVSp4c4g=="],

    "@firebase/app-check": ["@firebase/app-check@0.8.13", "", { "dependencies": { "@firebase/component": "0.6.13", "@firebase/logger": "0.4.4", "@firebase/util": "1.11.0", "tslib": "^2.1.0" }, "peerDependencies": { "@firebase/app": "0.x" } }, "sha512-ONsgml8/dplUOAP42JQO6hhiWDEwR9+RUTLenxAN9S8N6gel/sDQ9Ci721Py1oASMGdDU8v9R7xAZxzvOX5lPg=="],

    "@firebase/app-check-compat": ["@firebase/app-check-compat@0.3.20", "", { "dependencies": { "@firebase/app-check": "0.8.13", "@firebase/app-check-types": "0.5.3", "@firebase/component": "0.6.13", "@firebase/logger": "0.4.4", "@firebase/util": "1.11.0", "tslib": "^2.1.0" }, "peerDependencies": { "@firebase/app-compat": "0.x" } }, "sha512-/twgmlnNAaZ/wbz3kcQrL/26b+X+zUX+lBmu5LwwEcWcpnb+mrVEAKhD7/ttm52dxYiSWtLDeuXy3FXBhqBC5A=="],

    "@firebase/app-check-interop-types": ["@firebase/app-check-interop-types@0.3.3", "", {}, ""],

    "@firebase/app-check-types": ["@firebase/app-check-types@0.5.3", "", {}, "sha512-hyl5rKSj0QmwPdsAxrI5x1otDlByQ7bvNvVt8G/XPO2CSwE++rmSVf3VEhaeOR4J8ZFaF0Z0NDSmLejPweZ3ng=="],

    "@firebase/app-compat": ["@firebase/app-compat@0.2.53", "", { "dependencies": { "@firebase/app": "0.11.4", "@firebase/component": "0.6.13", "@firebase/logger": "0.4.4", "@firebase/util": "1.11.0", "tslib": "^2.1.0" } }, "sha512-vDeZSit0q4NyaDIVcaiJF3zhLgguP6yc0JwQAfpTyllgt8XMtkMFyY/MxJtFrK2ocpQX/yCbV2DXwvpY2NVuJw=="],

    "@firebase/app-types": ["@firebase/app-types@0.9.3", "", {}, ""],

    "@firebase/auth": ["@firebase/auth@1.10.0", "", { "dependencies": { "@firebase/component": "0.6.13", "@firebase/logger": "0.4.4", "@firebase/util": "1.11.0", "tslib": "^2.1.0" }, "peerDependencies": { "@firebase/app": "0.x", "@react-native-async-storage/async-storage": "^1.18.1" }, "optionalPeers": ["@react-native-async-storage/async-storage"] }, "sha512-S7SqBsN7sIQsftNE3bitLlK+4bWrTHY+Rx2JFlNitgVYu2nK8W8ZQrkG8GCEwiFPq0B2vZ9pO5kVTFfq2sP96A=="],

    "@firebase/auth-compat": ["@firebase/auth-compat@0.5.20", "", { "dependencies": { "@firebase/auth": "1.10.0", "@firebase/auth-types": "0.13.0", "@firebase/component": "0.6.13", "@firebase/util": "1.11.0", "tslib": "^2.1.0" }, "peerDependencies": { "@firebase/app-compat": "0.x" } }, "sha512-8FwODTSBnaqGQbKfML7LcpzGGPyouB7YHg3dZq+CZMziVc7oBY1jJeNvpnM1hAQoVuTjWPXoRrCltdGeOlkKfQ=="],

    "@firebase/auth-interop-types": ["@firebase/auth-interop-types@0.2.4", "", {}, ""],

    "@firebase/auth-types": ["@firebase/auth-types@0.13.0", "", { "peerDependencies": { "@firebase/app-types": "0.x", "@firebase/util": "1.x" } }, "sha512-S/PuIjni0AQRLF+l9ck0YpsMOdE8GO2KU6ubmBB7P+7TJUCQDa3R1dlgYm9UzGbbePMZsp0xzB93f2b/CgxMOg=="],

    "@firebase/component": ["@firebase/component@0.6.13", "", { "dependencies": { "@firebase/util": "1.11.0", "tslib": "^2.1.0" } }, ""],

    "@firebase/data-connect": ["@firebase/data-connect@0.3.3", "", { "dependencies": { "@firebase/auth-interop-types": "0.2.4", "@firebase/component": "0.6.13", "@firebase/logger": "0.4.4", "@firebase/util": "1.11.0", "tslib": "^2.1.0" }, "peerDependencies": { "@firebase/app": "0.x" } }, "sha512-JsgppNX1wcQYP5bg4Sg6WTS7S0XazklSjr1fG3ox9DHtt4LOQwJ3X1/c81mKMIZxocV22ujiwLYQWG6Y9D1FiQ=="],

    "@firebase/database": ["@firebase/database@1.0.14", "", { "dependencies": { "@firebase/app-check-interop-types": "0.3.3", "@firebase/auth-interop-types": "0.2.4", "@firebase/component": "0.6.13", "@firebase/logger": "0.4.4", "@firebase/util": "1.11.0", "faye-websocket": "0.11.4", "tslib": "^2.1.0" } }, ""],

    "@firebase/database-compat": ["@firebase/database-compat@2.0.5", "", { "dependencies": { "@firebase/component": "0.6.13", "@firebase/database": "1.0.14", "@firebase/database-types": "1.0.10", "@firebase/logger": "0.4.4", "@firebase/util": "1.11.0", "tslib": "^2.1.0" } }, ""],

    "@firebase/database-types": ["@firebase/database-types@1.0.10", "", { "dependencies": { "@firebase/app-types": "0.9.3", "@firebase/util": "1.11.0" } }, ""],

    "@firebase/firestore": ["@firebase/firestore@4.7.10", "", { "dependencies": { "@firebase/component": "0.6.13", "@firebase/logger": "0.4.4", "@firebase/util": "1.11.0", "@firebase/webchannel-wrapper": "1.0.3", "@grpc/grpc-js": "~1.9.0", "@grpc/proto-loader": "^0.7.8", "tslib": "^2.1.0" }, "peerDependencies": { "@firebase/app": "0.x" } }, "sha512-6nKsyo2U+jYSCcSE5sjMdDNA23DMUvYPUvsYGg09CNvcTO8GGKsPs7SpOhspsB91mbacq+u627CDAx3FUhPSSQ=="],

    "@firebase/firestore-compat": ["@firebase/firestore-compat@0.3.45", "", { "dependencies": { "@firebase/component": "0.6.13", "@firebase/firestore": "4.7.10", "@firebase/firestore-types": "3.0.3", "@firebase/util": "1.11.0", "tslib": "^2.1.0" }, "peerDependencies": { "@firebase/app-compat": "0.x" } }, "sha512-uRvi7AYPmsDl7UZwPyV7jgDGYusEZ2+U2g7MndbQHKIA8fNHpYC6QrzMs58+/IjX+kF/lkUn67Vrr0AkVjlY+Q=="],

    "@firebase/firestore-types": ["@firebase/firestore-types@3.0.3", "", { "peerDependencies": { "@firebase/app-types": "0.x", "@firebase/util": "1.x" } }, "sha512-hD2jGdiWRxB/eZWF89xcK9gF8wvENDJkzpVFb4aGkzfEaKxVRD1kjz1t1Wj8VZEp2LCB53Yx1zD8mrhQu87R6Q=="],

    "@firebase/functions": ["@firebase/functions@0.12.3", "", { "dependencies": { "@firebase/app-check-interop-types": "0.3.3", "@firebase/auth-interop-types": "0.2.4", "@firebase/component": "0.6.13", "@firebase/messaging-interop-types": "0.2.3", "@firebase/util": "1.11.0", "tslib": "^2.1.0" }, "peerDependencies": { "@firebase/app": "0.x" } }, "sha512-Wv7JZMUkKLb1goOWRtsu3t7m97uK6XQvjQLPvn8rncY91+VgdU72crqnaYCDI/ophNuBEmuK8mn0/pAnjUeA6A=="],

    "@firebase/functions-compat": ["@firebase/functions-compat@0.3.20", "", { "dependencies": { "@firebase/component": "0.6.13", "@firebase/functions": "0.12.3", "@firebase/functions-types": "0.6.3", "@firebase/util": "1.11.0", "tslib": "^2.1.0" }, "peerDependencies": { "@firebase/app-compat": "0.x" } }, "sha512-iIudmYDAML6n3c7uXO2YTlzra2/J6lnMzmJTXNthvrKVMgNMaseNoQP1wKfchK84hMuSF8EkM4AvufwbJ+Juew=="],

    "@firebase/functions-types": ["@firebase/functions-types@0.6.3", "", {}, "sha512-EZoDKQLUHFKNx6VLipQwrSMh01A1SaL3Wg6Hpi//x6/fJ6Ee4hrAeswK99I5Ht8roiniKHw4iO0B1Oxj5I4plg=="],

    "@firebase/installations": ["@firebase/installations@0.6.13", "", { "dependencies": { "@firebase/component": "0.6.13", "@firebase/util": "1.11.0", "idb": "7.1.1", "tslib": "^2.1.0" }, "peerDependencies": { "@firebase/app": "0.x" } }, "sha512-6ZpkUiaygPFwgVneYxuuOuHnSPnTA4KefLEaw/sKk/rNYgC7X6twaGfYb0sYLpbi9xV4i5jXsqZ3WO+yaguNgg=="],

    "@firebase/installations-compat": ["@firebase/installations-compat@0.2.13", "", { "dependencies": { "@firebase/component": "0.6.13", "@firebase/installations": "0.6.13", "@firebase/installations-types": "0.5.3", "@firebase/util": "1.11.0", "tslib": "^2.1.0" }, "peerDependencies": { "@firebase/app-compat": "0.x" } }, "sha512-f/o6MqCI7LD/ulY9gvgkv6w5k6diaReD8BFHd/y/fEdpsXmFWYS/g28GXCB72bRVBOgPpkOUNl+VsMvDwlRKmw=="],

    "@firebase/installations-types": ["@firebase/installations-types@0.5.3", "", { "peerDependencies": { "@firebase/app-types": "0.x" } }, "sha512-2FJI7gkLqIE0iYsNQ1P751lO3hER+Umykel+TkLwHj6plzWVxqvfclPUZhcKFVQObqloEBTmpi2Ozn7EkCABAA=="],

    "@firebase/logger": ["@firebase/logger@0.4.4", "", { "dependencies": { "tslib": "^2.1.0" } }, ""],

    "@firebase/messaging": ["@firebase/messaging@0.12.17", "", { "dependencies": { "@firebase/component": "0.6.13", "@firebase/installations": "0.6.13", "@firebase/messaging-interop-types": "0.2.3", "@firebase/util": "1.11.0", "idb": "7.1.1", "tslib": "^2.1.0" }, "peerDependencies": { "@firebase/app": "0.x" } }, "sha512-W3CnGhTm6Nx8XGb6E5/+jZTuxX/EK8Vur4QXvO1DwZta/t0xqWMRgO9vNsZFMYBqFV4o3j4F9qK/iddGYwWS6g=="],

    "@firebase/messaging-compat": ["@firebase/messaging-compat@0.2.17", "", { "dependencies": { "@firebase/component": "0.6.13", "@firebase/messaging": "0.12.17", "@firebase/util": "1.11.0", "tslib": "^2.1.0" }, "peerDependencies": { "@firebase/app-compat": "0.x" } }, "sha512-5Q+9IG7FuedusdWHVQRjpA3OVD9KUWp/IPegcv0s5qSqRLBjib7FlAeWxN+VL0Ew43tuPJBY2HKhEecuizmO1Q=="],

    "@firebase/messaging-interop-types": ["@firebase/messaging-interop-types@0.2.3", "", {}, "sha512-xfzFaJpzcmtDjycpDeCUj0Ge10ATFi/VHVIvEEjDNc3hodVBQADZ7BWQU7CuFpjSHE+eLuBI13z5F/9xOoGX8Q=="],

    "@firebase/performance": ["@firebase/performance@0.7.2", "", { "dependencies": { "@firebase/component": "0.6.13", "@firebase/installations": "0.6.13", "@firebase/logger": "0.4.4", "@firebase/util": "1.11.0", "tslib": "^2.1.0", "web-vitals": "^4.2.4" }, "peerDependencies": { "@firebase/app": "0.x" } }, "sha512-DXLLp0R0jdxH/yTmv+WTkOzsLl8YYecXh4lGZE0dzqC0IV8k+AxpLSSWvOTCkAETze8yEU/iF+PtgYVlGjfMMQ=="],

    "@firebase/performance-compat": ["@firebase/performance-compat@0.2.15", "", { "dependencies": { "@firebase/component": "0.6.13", "@firebase/logger": "0.4.4", "@firebase/performance": "0.7.2", "@firebase/performance-types": "0.2.3", "@firebase/util": "1.11.0", "tslib": "^2.1.0" }, "peerDependencies": { "@firebase/app-compat": "0.x" } }, "sha512-wUxsw7hGBEMN6XfvYQqwPIQp5LcJXawWM5tmYp6L7ClCoTQuEiCKHWWVurJgN8Q1YHzoHVgjNfPQAOVu29iMVg=="],

    "@firebase/performance-types": ["@firebase/performance-types@0.2.3", "", {}, "sha512-IgkyTz6QZVPAq8GSkLYJvwSLr3LS9+V6vNPQr0x4YozZJiLF5jYixj0amDtATf1X0EtYHqoPO48a9ija8GocxQ=="],

    "@firebase/remote-config": ["@firebase/remote-config@0.6.0", "", { "dependencies": { "@firebase/component": "0.6.13", "@firebase/installations": "0.6.13", "@firebase/logger": "0.4.4", "@firebase/util": "1.11.0", "tslib": "^2.1.0" }, "peerDependencies": { "@firebase/app": "0.x" } }, "sha512-Yrk4l5+6FJLPHC6irNHMzgTtJ3NfHXlAXVChCBdNFtgmzyGmufNs/sr8oA0auEfIJ5VpXCaThRh3P4OdQxiAlQ=="],

    "@firebase/remote-config-compat": ["@firebase/remote-config-compat@0.2.13", "", { "dependencies": { "@firebase/component": "0.6.13", "@firebase/logger": "0.4.4", "@firebase/remote-config": "0.6.0", "@firebase/remote-config-types": "0.4.0", "@firebase/util": "1.11.0", "tslib": "^2.1.0" }, "peerDependencies": { "@firebase/app-compat": "0.x" } }, "sha512-UmHoO7TxAEJPIZf8e1Hy6CeFGMeyjqSCpgoBkQZYXFI2JHhzxIyDpr8jVKJJN1dmAePKZ5EX7dC13CmcdTOl7Q=="],

    "@firebase/remote-config-types": ["@firebase/remote-config-types@0.4.0", "", {}, "sha512-7p3mRE/ldCNYt8fmWMQ/MSGRmXYlJ15Rvs9Rk17t8p0WwZDbeK7eRmoI1tvCPaDzn9Oqh+yD6Lw+sGLsLg4kKg=="],

    "@firebase/storage": ["@firebase/storage@0.13.7", "", { "dependencies": { "@firebase/component": "0.6.13", "@firebase/util": "1.11.0", "tslib": "^2.1.0" }, "peerDependencies": { "@firebase/app": "0.x" } }, "sha512-FkRyc24rK+Y6EaQ1tYFm3TevBnnfSNA0VyTfew2hrYyL/aYfatBg7HOgktUdB4kWMHNA9VoTotzZTGoLuK92wg=="],

    "@firebase/storage-compat": ["@firebase/storage-compat@0.3.17", "", { "dependencies": { "@firebase/component": "0.6.13", "@firebase/storage": "0.13.7", "@firebase/storage-types": "0.8.3", "@firebase/util": "1.11.0", "tslib": "^2.1.0" }, "peerDependencies": { "@firebase/app-compat": "0.x" } }, "sha512-CBlODWEZ5b6MJWVh21VZioxwxNwVfPA9CAdsk+ZgVocJQQbE2oDW1XJoRcgthRY1HOitgbn4cVrM+NlQtuUYhw=="],

    "@firebase/storage-types": ["@firebase/storage-types@0.8.3", "", { "peerDependencies": { "@firebase/app-types": "0.x", "@firebase/util": "1.x" } }, "sha512-+Muk7g9uwngTpd8xn9OdF/D48uiQ7I1Fae7ULsWPuKoCH3HU7bfFPhxtJYzyhjdniowhuDpQcfPmuNRAqZEfvg=="],

    "@firebase/util": ["@firebase/util@1.11.0", "", { "dependencies": { "tslib": "^2.1.0" } }, ""],

    "@firebase/vertexai": ["@firebase/vertexai@1.2.1", "", { "dependencies": { "@firebase/app-check-interop-types": "0.3.3", "@firebase/component": "0.6.13", "@firebase/logger": "0.4.4", "@firebase/util": "1.11.0", "tslib": "^2.1.0" }, "peerDependencies": { "@firebase/app": "0.x", "@firebase/app-types": "0.x" } }, "sha512-cukZ5ne2RsOWB4PB1EO6nTXgOLxPMKDJfEn+XnSV5ZKWM0ID5o0DvbyS59XihFaBzmy2SwJldP5ap7/xUnW4jA=="],

    "@firebase/webchannel-wrapper": ["@firebase/webchannel-wrapper@1.0.3", "", {}, "sha512-2xCRM9q9FlzGZCdgDMJwc0gyUkWFtkosy7Xxr6sFgQwn+wMNIWd7xIvYNauU1r64B5L5rsGKy/n9TKJ0aAFeqQ=="],

    "@google-cloud/firestore": ["@google-cloud/firestore@7.11.0", "", { "dependencies": { "@opentelemetry/api": "^1.3.0", "fast-deep-equal": "^3.1.1", "functional-red-black-tree": "^1.0.1", "google-gax": "^4.3.3", "protobufjs": "^7.2.6" } }, ""],

    "@google-cloud/paginator": ["@google-cloud/paginator@5.0.2", "", { "dependencies": { "arrify": "^2.0.0", "extend": "^3.0.2" } }, ""],

    "@google-cloud/projectify": ["@google-cloud/projectify@4.0.0", "", {}, ""],

    "@google-cloud/promisify": ["@google-cloud/promisify@4.0.0", "", {}, ""],

    "@google-cloud/storage": ["@google-cloud/storage@7.16.0", "", { "dependencies": { "@google-cloud/paginator": "^5.0.0", "@google-cloud/projectify": "^4.0.0", "@google-cloud/promisify": "<4.1.0", "abort-controller": "^3.0.0", "async-retry": "^1.3.3", "duplexify": "^4.1.3", "fast-xml-parser": "^4.4.1", "gaxios": "^6.0.2", "google-auth-library": "^9.6.3", "html-entities": "^2.5.2", "mime": "^3.0.0", "p-limit": "^3.0.1", "retry-request": "^7.0.0", "teeny-request": "^9.0.0", "uuid": "^8.0.0" } }, ""],

    "@grpc/grpc-js": ["@grpc/grpc-js@1.9.15", "", { "dependencies": { "@grpc/proto-loader": "^0.7.8", "@types/node": ">=12.12.47" } }, "sha512-nqE7Hc0AzI+euzUwDAy0aY5hCp10r734gMGRdU+qOPX0XSceI2ULrcXB5U2xSc5VkWwalCj4M7GzCAygZl2KoQ=="],

    "@grpc/proto-loader": ["@grpc/proto-loader@0.7.13", "", { "dependencies": { "lodash.camelcase": "^4.3.0", "long": "^5.0.0", "protobufjs": "^7.2.5", "yargs": "^17.7.2" }, "bin": { "proto-loader-gen-types": "build/bin/proto-loader-gen-types.js" } }, ""],

    "@js-sdsl/ordered-map": ["@js-sdsl/ordered-map@4.4.2", "", {}, ""],

    "@opentelemetry/api": ["@opentelemetry/api@1.9.0", "", {}, ""],

    "@protobufjs/aspromise": ["@protobufjs/aspromise@1.1.2", "", {}, ""],

    "@protobufjs/base64": ["@protobufjs/base64@1.1.2", "", {}, ""],

    "@protobufjs/codegen": ["@protobufjs/codegen@2.0.4", "", {}, ""],

    "@protobufjs/eventemitter": ["@protobufjs/eventemitter@1.1.0", "", {}, ""],

    "@protobufjs/fetch": ["@protobufjs/fetch@1.1.0", "", { "dependencies": { "@protobufjs/aspromise": "^1.1.1", "@protobufjs/inquire": "^1.1.0" } }, ""],

    "@protobufjs/float": ["@protobufjs/float@1.0.2", "", {}, ""],

    "@protobufjs/inquire": ["@protobufjs/inquire@1.1.0", "", {}, ""],

    "@protobufjs/path": ["@protobufjs/path@1.1.2", "", {}, ""],

    "@protobufjs/pool": ["@protobufjs/pool@1.1.0", "", {}, ""],

    "@protobufjs/utf8": ["@protobufjs/utf8@1.1.0", "", {}, ""],

    "@scalar/openapi-types": ["@scalar/openapi-types@0.1.1", "", {}, "sha512-NMy3QNk6ytcCoPUGJH0t4NNr36OWXgZhA3ormr3TvhX1NDgoF95wFyodGVH8xiHeUyn2/FxtETm8UBLbB5xEmg=="],

    "@scalar/themes": ["@scalar/themes@0.9.86", "", { "dependencies": { "@scalar/types": "0.1.7" } }, "sha512-QUHo9g5oSWi+0Lm1vJY9TaMZRau8LHg+vte7q5BVTBnu6NuQfigCaN+ouQ73FqIVd96TwMO6Db+dilK1B+9row=="],

    "@scalar/types": ["@scalar/types@0.0.12", "", { "dependencies": { "@scalar/openapi-types": "0.1.1", "@unhead/schema": "^1.9.5" } }, "sha512-XYZ36lSEx87i4gDqopQlGCOkdIITHHEvgkuJFrXFATQs9zHARop0PN0g4RZYWj+ZpCUclOcaOjbCt8JGe22mnQ=="],

    "@sinclair/typebox": ["@sinclair/typebox@0.34.31", "", {}, ""],

    "@tootallnate/once": ["@tootallnate/once@2.0.0", "", {}, ""],

    "@types/body-parser": ["@types/body-parser@1.19.5", "", { "dependencies": { "@types/connect": "*", "@types/node": "*" } }, ""],

    "@types/bun": ["@types/bun@1.2.10", "", { "dependencies": { "bun-types": "1.2.10" } }, "sha512-eilv6WFM3M0c9ztJt7/g80BDusK98z/FrFwseZgT4bXCq2vPhXD4z8R3oddmAn+R/Nmz9vBn4kweJKmGTZj+lg=="],

    "@types/caseless": ["@types/caseless@0.12.5", "", {}, ""],

    "@types/connect": ["@types/connect@3.4.38", "", { "dependencies": { "@types/node": "*" } }, ""],

    "@types/express": ["@types/express@4.17.21", "", { "dependencies": { "@types/body-parser": "*", "@types/express-serve-static-core": "^4.17.33", "@types/qs": "*", "@types/serve-static": "*" } }, ""],

    "@types/express-serve-static-core": ["@types/express-serve-static-core@4.19.6", "", { "dependencies": { "@types/node": "*", "@types/qs": "*", "@types/range-parser": "*", "@types/send": "*" } }, ""],

    "@types/firebase": ["@types/firebase@2.4.32", "", {}, "sha512-WHuDkJq4PjH3HzmogWstX/r+/c0dGFq7F1fZ9LgT/B4zh/0fps0fUxLDNtuSJZ+PLIpm/EALBhcqZr0qtEy85g=="],

    "@types/http-errors": ["@types/http-errors@2.0.4", "", {}, ""],

    "@types/jsonwebtoken": ["@types/jsonwebtoken@9.0.9", "", { "dependencies": { "@types/ms": "*", "@types/node": "*" } }, ""],

    "@types/long": ["@types/long@4.0.2", "", {}, ""],

    "@types/mime": ["@types/mime@1.3.5", "", {}, ""],

    "@types/ms": ["@types/ms@2.1.0", "", {}, ""],

    "@types/node": ["@types/node@22.14.1", "", { "dependencies": { "undici-types": "~6.21.0" } }, ""],

    "@types/qs": ["@types/qs@6.9.18", "", {}, ""],

    "@types/range-parser": ["@types/range-parser@1.2.7", "", {}, ""],

    "@types/request": ["@types/request@2.48.12", "", { "dependencies": { "@types/caseless": "*", "@types/node": "*", "@types/tough-cookie": "*", "form-data": "^2.5.0" } }, ""],

    "@types/send": ["@types/send@0.17.4", "", { "dependencies": { "@types/mime": "^1", "@types/node": "*" } }, ""],

    "@types/serve-static": ["@types/serve-static@1.15.7", "", { "dependencies": { "@types/http-errors": "*", "@types/node": "*", "@types/send": "*" } }, ""],

    "@types/tough-cookie": ["@types/tough-cookie@4.0.5", "", {}, ""],

    "@unhead/schema": ["@unhead/schema@1.11.20", "", { "dependencies": { "hookable": "^5.5.3", "zhead": "^2.2.4" } }, "sha512-0zWykKAaJdm+/Y7yi/Yds20PrUK7XabLe9c3IRcjnwYmSWY6z0Cr19VIs3ozCj8P+GhR+/TI2mwtGlueCEYouA=="],

    "abort-controller": ["abort-controller@3.0.0", "", { "dependencies": { "event-target-shim": "^5.0.0" } }, ""],

    "agent-base": ["agent-base@7.1.3", "", {}, ""],

    "ansi-regex": ["ansi-regex@5.0.1", "", {}, ""],

    "ansi-styles": ["ansi-styles@4.3.0", "", { "dependencies": { "color-convert": "^2.0.1" } }, ""],

    "arrify": ["arrify@2.0.1", "", {}, ""],

    "async-retry": ["async-retry@1.3.3", "", { "dependencies": { "retry": "0.13.1" } }, ""],

    "asynckit": ["asynckit@0.4.0", "", {}, ""],

    "base64-js": ["base64-js@1.5.1", "", {}, ""],

    "bignumber.js": ["bignumber.js@9.2.1", "", {}, ""],

    "buffer-equal-constant-time": ["buffer-equal-constant-time@1.0.1", "", {}, ""],

    "bun-types": ["bun-types@1.2.10", "", { "dependencies": { "@types/node": "*" } }, "sha512-b5ITZMnVdf3m1gMvJHG+gIfeJHiQPJak0f7925Hxu6ZN5VKA8AGy4GZ4lM+Xkn6jtWxg5S3ldWvfmXdvnkp3GQ=="],

    "call-bind-apply-helpers": ["call-bind-apply-helpers@1.0.2", "", { "dependencies": { "es-errors": "^1.3.0", "function-bind": "^1.1.2" } }, ""],

    "chalk": ["chalk@5.4.1", "", {}, ""],

    "cliui": ["cliui@8.0.1", "", { "dependencies": { "string-width": "^4.2.0", "strip-ansi": "^6.0.1", "wrap-ansi": "^7.0.0" } }, ""],

    "color-convert": ["color-convert@2.0.1", "", { "dependencies": { "color-name": "~1.1.4" } }, ""],

    "color-name": ["color-name@1.1.4", "", {}, ""],

    "combined-stream": ["combined-stream@1.0.8", "", { "dependencies": { "delayed-stream": "~1.0.0" } }, ""],

    "cookie": ["cookie@1.0.2", "", {}, ""],

    "debug": ["debug@4.4.0", "", { "dependencies": { "ms": "^2.1.3" } }, ""],

    "delayed-stream": ["delayed-stream@1.0.0", "", {}, ""],

    "dunder-proto": ["dunder-proto@1.0.1", "", { "dependencies": { "call-bind-apply-helpers": "^1.0.1", "es-errors": "^1.3.0", "gopd": "^1.2.0" } }, ""],

    "duplexify": ["duplexify@4.1.3", "", { "dependencies": { "end-of-stream": "^1.4.1", "inherits": "^2.0.3", "readable-stream": "^3.1.1", "stream-shift": "^1.0.2" } }, ""],

    "ecdsa-sig-formatter": ["ecdsa-sig-formatter@1.0.11", "", { "dependencies": { "safe-buffer": "^5.0.1" } }, ""],

    "elysia": ["elysia@1.2.25", "", { "dependencies": { "@sinclair/typebox": "^0.34.27", "cookie": "^1.0.2", "memoirist": "^0.3.0", "openapi-types": "^12.1.3" }, "peerDependencies": { "@sinclair/typebox": ">= 0.34.0", "openapi-types": ">= 12.0.0", "typescript": ">= 5.0.0" } }, "sha512-WsdQpORJvb4uszzeqYT0lg97knw1iBW1NTzJ1Jm57tiHg+DfAotlWXYbjmvQ039ssV0fYELDHinLLoUazZkEHg=="],

    "emoji-regex": ["emoji-regex@8.0.0", "", {}, ""],

    "end-of-stream": ["end-of-stream@1.4.4", "", { "dependencies": { "once": "^1.4.0" } }, ""],

    "es-define-property": ["es-define-property@1.0.1", "", {}, ""],

    "es-errors": ["es-errors@1.3.0", "", {}, ""],

    "es-object-atoms": ["es-object-atoms@1.1.1", "", { "dependencies": { "es-errors": "^1.3.0" } }, ""],

    "es-set-tostringtag": ["es-set-tostringtag@2.1.0", "", { "dependencies": { "es-errors": "^1.3.0", "get-intrinsic": "^1.2.6", "has-tostringtag": "^1.0.2", "hasown": "^2.0.2" } }, ""],

    "escalade": ["escalade@3.2.0", "", {}, ""],

    "event-target-shim": ["event-target-shim@5.0.1", "", {}, ""],

    "extend": ["extend@3.0.2", "", {}, ""],

    "farmhash-modern": ["farmhash-modern@1.1.0", "", {}, ""],

    "fast-deep-equal": ["fast-deep-equal@3.1.3", "", {}, ""],

    "fast-xml-parser": ["fast-xml-parser@4.5.3", "", { "dependencies": { "strnum": "^1.1.1" }, "bin": { "fxparser": "src/cli/cli.js" } }, ""],

    "faye-websocket": ["faye-websocket@0.11.4", "", { "dependencies": { "websocket-driver": ">=0.5.1" } }, ""],

    "firebase": ["firebase@11.6.0", "", { "dependencies": { "@firebase/analytics": "0.10.12", "@firebase/analytics-compat": "0.2.18", "@firebase/app": "0.11.4", "@firebase/app-check": "0.8.13", "@firebase/app-check-compat": "0.3.20", "@firebase/app-compat": "0.2.53", "@firebase/app-types": "0.9.3", "@firebase/auth": "1.10.0", "@firebase/auth-compat": "0.5.20", "@firebase/data-connect": "0.3.3", "@firebase/database": "1.0.14", "@firebase/database-compat": "2.0.5", "@firebase/firestore": "4.7.10", "@firebase/firestore-compat": "0.3.45", "@firebase/functions": "0.12.3", "@firebase/functions-compat": "0.3.20", "@firebase/installations": "0.6.13", "@firebase/installations-compat": "0.2.13", "@firebase/messaging": "0.12.17", "@firebase/messaging-compat": "0.2.17", "@firebase/performance": "0.7.2", "@firebase/performance-compat": "0.2.15", "@firebase/remote-config": "0.6.0", "@firebase/remote-config-compat": "0.2.13", "@firebase/storage": "0.13.7", "@firebase/storage-compat": "0.3.17", "@firebase/util": "1.11.0", "@firebase/vertexai": "1.2.1" } }, "sha512-Xqm6j6zszIEmI5nW1MPR8yTafoRTSrW3mWG9Lk9elCJtQDQSiTEkKZiNtUm9y6XfOPl8xoF1TNpxZe8HjgA0Og=="],

    "firebase-admin": ["firebase-admin@13.2.0", "", { "dependencies": { "@fastify/busboy": "^3.0.0", "@firebase/database-compat": "^2.0.0", "@firebase/database-types": "^1.0.6", "@types/node": "^22.8.7", "farmhash-modern": "^1.1.0", "google-auth-library": "^9.14.2", "jsonwebtoken": "^9.0.0", "jwks-rsa": "^3.1.0", "node-forge": "^1.3.1", "uuid": "^11.0.2" }, "optionalDependencies": { "@google-cloud/firestore": "^7.11.0", "@google-cloud/storage": "^7.14.0" } }, ""],

    "form-data": ["form-data@2.5.3", "", { "dependencies": { "asynckit": "^0.4.0", "combined-stream": "^1.0.8", "es-set-tostringtag": "^2.1.0", "mime-types": "^2.1.35", "safe-buffer": "^5.2.1" } }, ""],

    "function-bind": ["function-bind@1.1.2", "", {}, ""],

    "functional-red-black-tree": ["functional-red-black-tree@1.0.1", "", {}, ""],

    "gaxios": ["gaxios@6.7.1", "", { "dependencies": { "extend": "^3.0.2", "https-proxy-agent": "^7.0.1", "is-stream": "^2.0.0", "node-fetch": "^2.6.9", "uuid": "^9.0.1" } }, ""],

    "gcp-metadata": ["gcp-metadata@6.1.1", "", { "dependencies": { "gaxios": "^6.1.1", "google-logging-utils": "^0.0.2", "json-bigint": "^1.0.0" } }, ""],

    "get-caller-file": ["get-caller-file@2.0.5", "", {}, ""],

    "get-intrinsic": ["get-intrinsic@1.3.0", "", { "dependencies": { "call-bind-apply-helpers": "^1.0.2", "es-define-property": "^1.0.1", "es-errors": "^1.3.0", "es-object-atoms": "^1.1.1", "function-bind": "^1.1.2", "get-proto": "^1.0.1", "gopd": "^1.2.0", "has-symbols": "^1.1.0", "hasown": "^2.0.2", "math-intrinsics": "^1.1.0" } }, ""],

    "get-proto": ["get-proto@1.0.1", "", { "dependencies": { "dunder-proto": "^1.0.1", "es-object-atoms": "^1.0.0" } }, ""],

    "google-auth-library": ["google-auth-library@9.15.1", "", { "dependencies": { "base64-js": "^1.3.0", "ecdsa-sig-formatter": "^1.0.11", "gaxios": "^6.1.1", "gcp-metadata": "^6.1.0", "gtoken": "^7.0.0", "jws": "^4.0.0" } }, ""],

    "google-gax": ["google-gax@4.6.0", "", { "dependencies": { "@grpc/grpc-js": "^1.10.9", "@grpc/proto-loader": "^0.7.13", "@types/long": "^4.0.0", "abort-controller": "^3.0.0", "duplexify": "^4.0.0", "google-auth-library": "^9.3.0", "node-fetch": "^2.7.0", "object-hash": "^3.0.0", "proto3-json-serializer": "^2.0.2", "protobufjs": "^7.3.2", "retry-request": "^7.0.0", "uuid": "^9.0.1" } }, ""],

    "google-logging-utils": ["google-logging-utils@0.0.2", "", {}, ""],

    "gopd": ["gopd@1.2.0", "", {}, ""],

    "gtoken": ["gtoken@7.1.0", "", { "dependencies": { "gaxios": "^6.0.0", "jws": "^4.0.0" } }, ""],

    "has-symbols": ["has-symbols@1.1.0", "", {}, ""],

    "has-tostringtag": ["has-tostringtag@1.0.2", "", { "dependencies": { "has-symbols": "^1.0.3" } }, ""],

    "hasown": ["hasown@2.0.2", "", { "dependencies": { "function-bind": "^1.1.2" } }, ""],

    "hookable": ["hookable@5.5.3", "", {}, "sha512-Yc+BQe8SvoXH1643Qez1zqLRmbA5rCL+sSmk6TVos0LWVfNIB7PGncdlId77WzLGSIB5KaWgTaNTs2lNVEI6VQ=="],

    "html-entities": ["html-entities@2.6.0", "", {}, ""],

    "http-parser-js": ["http-parser-js@0.5.10", "", {}, ""],

    "http-proxy-agent": ["http-proxy-agent@5.0.0", "", { "dependencies": { "@tootallnate/once": "2", "agent-base": "6", "debug": "4" } }, ""],

    "https-proxy-agent": ["https-proxy-agent@7.0.6", "", { "dependencies": { "agent-base": "^7.1.2", "debug": "4" } }, ""],

    "idb": ["idb@7.1.1", "", {}, "sha512-gchesWBzyvGHRO9W8tzUWFDycow5gwjvFKfyV9FF32Y7F50yZMp7mP+T2mJIWFx49zicqyC4uefHM17o6xKIVQ=="],

    "inherits": ["inherits@2.0.4", "", {}, ""],

    "is-fullwidth-code-point": ["is-fullwidth-code-point@3.0.0", "", {}, ""],

    "is-stream": ["is-stream@2.0.1", "", {}, ""],

    "jose": ["jose@4.15.9", "", {}, ""],

    "json-bigint": ["json-bigint@1.0.0", "", { "dependencies": { "bignumber.js": "^9.0.0" } }, ""],

    "jsonwebtoken": ["jsonwebtoken@9.0.2", "", { "dependencies": { "jws": "^3.2.2", "lodash.includes": "^4.3.0", "lodash.isboolean": "^3.0.3", "lodash.isinteger": "^4.0.4", "lodash.isnumber": "^3.0.3", "lodash.isplainobject": "^4.0.6", "lodash.isstring": "^4.0.1", "lodash.once": "^4.0.0", "ms": "^2.1.1", "semver": "^7.5.4" } }, ""],

    "jwa": ["jwa@2.0.0", "", { "dependencies": { "buffer-equal-constant-time": "1.0.1", "ecdsa-sig-formatter": "1.0.11", "safe-buffer": "^5.0.1" } }, ""],

    "jwks-rsa": ["jwks-rsa@3.2.0", "", { "dependencies": { "@types/express": "^4.17.20", "@types/jsonwebtoken": "^9.0.4", "debug": "^4.3.4", "jose": "^4.15.4", "limiter": "^1.1.5", "lru-memoizer": "^2.2.0" } }, ""],

    "jws": ["jws@4.0.0", "", { "dependencies": { "jwa": "^2.0.0", "safe-buffer": "^5.0.1" } }, ""],

    "limiter": ["limiter@1.1.5", "", {}, ""],

    "lodash.camelcase": ["lodash.camelcase@4.3.0", "", {}, ""],

    "lodash.clonedeep": ["lodash.clonedeep@4.5.0", "", {}, ""],

    "lodash.includes": ["lodash.includes@4.3.0", "", {}, ""],

    "lodash.isboolean": ["lodash.isboolean@3.0.3", "", {}, ""],

    "lodash.isinteger": ["lodash.isinteger@4.0.4", "", {}, ""],

    "lodash.isnumber": ["lodash.isnumber@3.0.3", "", {}, ""],

    "lodash.isplainobject": ["lodash.isplainobject@4.0.6", "", {}, ""],

    "lodash.isstring": ["lodash.isstring@4.0.1", "", {}, ""],

    "lodash.once": ["lodash.once@4.1.1", "", {}, ""],

    "logestic": ["logestic@1.2.4", "", { "dependencies": { "chalk": "^5.3.0" }, "peerDependencies": { "elysia": "^1.1.3", "typescript": "^5.0.0" } }, ""],

    "long": ["long@5.3.1", "", {}, ""],

    "lru-cache": ["lru-cache@6.0.0", "", { "dependencies": { "yallist": "^4.0.0" } }, ""],

    "lru-memoizer": ["lru-memoizer@2.3.0", "", { "dependencies": { "lodash.clonedeep": "^4.5.0", "lru-cache": "6.0.0" } }, ""],

    "math-intrinsics": ["math-intrinsics@1.1.0", "", {}, ""],

    "memoirist": ["memoirist@0.3.0", "", {}, ""],

    "mime": ["mime@3.0.0", "", { "bin": "cli.js" }, ""],

    "mime-db": ["mime-db@1.52.0", "", {}, ""],

    "mime-types": ["mime-types@2.1.35", "", { "dependencies": { "mime-db": "1.52.0" } }, ""],

    "ms": ["ms@2.1.3", "", {}, ""],

    "nanoid": ["nanoid@5.1.5", "", { "bin": "bin/nanoid.js" }, "sha512-Ir/+ZpE9fDsNH0hQ3C68uyThDXzYcim2EqcZ8zn8Chtt1iylPT9xXJB0kPCnqzgcEGikO9RxSrh63MsmVCU7Fw=="],

    "node-fetch": ["node-fetch@2.7.0", "", { "dependencies": { "whatwg-url": "^5.0.0" }, "peerDependencies": { "encoding": "^0.1.0" }, "optionalPeers": ["encoding"] }, ""],

    "node-forge": ["node-forge@1.3.1", "", {}, ""],

    "object-hash": ["object-hash@3.0.0", "", {}, ""],

    "once": ["once@1.4.0", "", { "dependencies": { "wrappy": "1" } }, ""],

    "openapi-types": ["openapi-types@12.1.3", "", {}, ""],

    "p-limit": ["p-limit@3.1.0", "", { "dependencies": { "yocto-queue": "^0.1.0" } }, ""],

    "pathe": ["pathe@1.1.2", "", {}, "sha512-whLdWMYL2TwI08hn8/ZqAbrVemu0LNaNNJZX73O6qaIdCTfXutsLhMkjdENX0qhsQ9uIimo4/aQOmXkoon2nDQ=="],

    "proto3-json-serializer": ["proto3-json-serializer@2.0.2", "", { "dependencies": { "protobufjs": "^7.2.5" } }, ""],

    "protobufjs": ["protobufjs@7.5.0", "", { "dependencies": { "@protobufjs/aspromise": "^1.1.2", "@protobufjs/base64": "^1.1.2", "@protobufjs/codegen": "^2.0.4", "@protobufjs/eventemitter": "^1.1.0", "@protobufjs/fetch": "^1.1.0", "@protobufjs/float": "^1.0.2", "@protobufjs/inquire": "^1.1.0", "@protobufjs/path": "^1.1.2", "@protobufjs/pool": "^1.1.0", "@protobufjs/utf8": "^1.1.0", "@types/node": ">=13.7.0", "long": "^5.0.0" } }, ""],

    "readable-stream": ["readable-stream@3.6.2", "", { "dependencies": { "inherits": "^2.0.3", "string_decoder": "^1.1.1", "util-deprecate": "^1.0.1" } }, ""],

    "require-directory": ["require-directory@2.1.1", "", {}, ""],

    "retry": ["retry@0.13.1", "", {}, ""],

    "retry-request": ["retry-request@7.0.2", "", { "dependencies": { "@types/request": "^2.48.8", "extend": "^3.0.2", "teeny-request": "^9.0.0" } }, ""],

    "safe-buffer": ["safe-buffer@5.2.1", "", {}, ""],

    "semver": ["semver@7.7.1", "", { "bin": "bin/semver.js" }, ""],

    "stream-events": ["stream-events@1.0.5", "", { "dependencies": { "stubs": "^3.0.0" } }, ""],

    "stream-shift": ["stream-shift@1.0.3", "", {}, ""],

    "string-width": ["string-width@4.2.3", "", { "dependencies": { "emoji-regex": "^8.0.0", "is-fullwidth-code-point": "^3.0.0", "strip-ansi": "^6.0.1" } }, ""],

    "string_decoder": ["string_decoder@1.3.0", "", { "dependencies": { "safe-buffer": "~5.2.0" } }, ""],

    "strip-ansi": ["strip-ansi@6.0.1", "", { "dependencies": { "ansi-regex": "^5.0.1" } }, ""],

    "strnum": ["strnum@1.1.2", "", {}, ""],

    "stubs": ["stubs@3.0.0", "", {}, ""],

    "teeny-request": ["teeny-request@9.0.0", "", { "dependencies": { "http-proxy-agent": "^5.0.0", "https-proxy-agent": "^5.0.0", "node-fetch": "^2.6.9", "stream-events": "^1.0.5", "uuid": "^9.0.0" } }, ""],

    "tr46": ["tr46@0.0.3", "", {}, ""],

    "tslib": ["tslib@2.8.1", "", {}, ""],

    "type-fest": ["type-fest@4.40.0", "", {}, "sha512-ABHZ2/tS2JkvH1PEjxFDTUWC8dB5OsIGZP4IFLhR293GqT5Y5qB1WwL2kMPYhQW9DVgVD8Hd7I8gjwPIf5GFkw=="],

    "typescript": ["typescript@5.8.3", "", { "bin": { "tsc": "bin/tsc", "tsserver": "bin/tsserver" } }, ""],

    "undici-types": ["undici-types@6.21.0", "", {}, ""],

    "util-deprecate": ["util-deprecate@1.0.2", "", {}, ""],

    "uuid": ["uuid@11.1.0", "", { "bin": "dist/esm/bin/uuid" }, ""],

    "web-vitals": ["web-vitals@4.2.4", "", {}, "sha512-r4DIlprAGwJ7YM11VZp4R884m0Vmgr6EAKe3P+kO0PPj3Unqyvv59rczf6UiGcb9Z8QxZVcqKNwv/g0WNdWwsw=="],

    "webidl-conversions": ["webidl-conversions@3.0.1", "", {}, ""],

    "websocket-driver": ["websocket-driver@0.7.4", "", { "dependencies": { "http-parser-js": ">=0.5.1", "safe-buffer": ">=5.1.0", "websocket-extensions": ">=0.1.1" } }, ""],

    "websocket-extensions": ["websocket-extensions@0.1.4", "", {}, ""],

    "whatwg-url": ["whatwg-url@5.0.0", "", { "dependencies": { "tr46": "~0.0.3", "webidl-conversions": "^3.0.0" } }, ""],

    "wrap-ansi": ["wrap-ansi@7.0.0", "", { "dependencies": { "ansi-styles": "^4.0.0", "string-width": "^4.1.0", "strip-ansi": "^6.0.0" } }, ""],

    "wrappy": ["wrappy@1.0.2", "", {}, ""],

    "y18n": ["y18n@5.0.8", "", {}, ""],

    "yallist": ["yallist@4.0.0", "", {}, ""],

    "yargs": ["yargs@17.7.2", "", { "dependencies": { "cliui": "^8.0.1", "escalade": "^3.1.1", "get-caller-file": "^2.0.5", "require-directory": "^2.1.1", "string-width": "^4.2.3", "y18n": "^5.0.5", "yargs-parser": "^21.1.1" } }, ""],

    "yargs-parser": ["yargs-parser@21.1.1", "", {}, ""],

    "yocto-queue": ["yocto-queue@0.1.0", "", {}, ""],

    "zhead": ["zhead@2.2.4", "", {}, "sha512-8F0OI5dpWIA5IGG5NHUg9staDwz/ZPxZtvGVf01j7vHqSyZ0raHY+78atOVxRqb73AotX22uV1pXt3gYSstGag=="],

    "zod": ["zod@3.24.3", "", {}, "sha512-HhY1oqzWCQWuUqvBFnsyrtZRhyPeR7SUGv+C4+MsisMuVfSPx8HpwWqH8tRahSlt6M3PiFAcoeFhZAqIXTxoSg=="],

    "@google-cloud/storage/uuid": ["uuid@8.3.2", "", { "bin": "dist/bin/uuid" }, ""],

    "@scalar/themes/@scalar/types": ["@scalar/types@0.1.7", "", { "dependencies": { "@scalar/openapi-types": "0.2.0", "@unhead/schema": "^1.11.11", "nanoid": "^5.1.5", "type-fest": "^4.20.0", "zod": "^3.23.8" } }, "sha512-irIDYzTQG2KLvFbuTI8k2Pz/R4JR+zUUSykVTbEMatkzMmVFnn1VzNSMlODbadycwZunbnL2tA27AXed9URVjw=="],

    "@types/body-parser/@types/node": ["@types/node@22.13.12", "", { "dependencies": { "undici-types": "~6.20.0" } }, ""],

    "@types/connect/@types/node": ["@types/node@22.13.12", "", { "dependencies": { "undici-types": "~6.20.0" } }, ""],

    "@types/express-serve-static-core/@types/node": ["@types/node@22.13.12", "", { "dependencies": { "undici-types": "~6.20.0" } }, ""],

    "@types/jsonwebtoken/@types/node": ["@types/node@22.13.12", "", { "dependencies": { "undici-types": "~6.20.0" } }, ""],

    "@types/request/@types/node": ["@types/node@22.13.12", "", { "dependencies": { "undici-types": "~6.20.0" } }, ""],

    "@types/send/@types/node": ["@types/node@22.13.12", "", { "dependencies": { "undici-types": "~6.20.0" } }, ""],

    "@types/serve-static/@types/node": ["@types/node@22.13.12", "", { "dependencies": { "undici-types": "~6.20.0" } }, ""],

    "firebase-admin/@types/node": ["@types/node@22.13.12", "", { "dependencies": { "undici-types": "~6.20.0" } }, ""],

    "gaxios/uuid": ["uuid@9.0.1", "", { "bin": "dist/bin/uuid" }, ""],

    "google-gax/@grpc/grpc-js": ["@grpc/grpc-js@1.13.3", "", { "dependencies": { "@grpc/proto-loader": "^0.7.13", "@js-sdsl/ordered-map": "^4.4.2" } }, ""],

    "google-gax/uuid": ["uuid@9.0.1", "", { "bin": "dist/bin/uuid" }, ""],

    "http-proxy-agent/agent-base": ["agent-base@6.0.2", "", { "dependencies": { "debug": "4" } }, ""],

    "jsonwebtoken/jws": ["jws@3.2.2", "", { "dependencies": { "jwa": "^1.4.1", "safe-buffer": "^5.0.1" } }, ""],

    "protobufjs/@types/node": ["@types/node@22.13.12", "", { "dependencies": { "undici-types": "~6.20.0" } }, ""],

    "teeny-request/https-proxy-agent": ["https-proxy-agent@5.0.1", "", { "dependencies": { "agent-base": "6", "debug": "4" } }, ""],

    "teeny-request/uuid": ["uuid@9.0.1", "", { "bin": "dist/bin/uuid" }, ""],

    "@scalar/themes/@scalar/types/@scalar/openapi-types": ["@scalar/openapi-types@0.2.0", "", { "dependencies": { "zod": "^3.23.8" } }, "sha512-waiKk12cRCqyUCWTOX0K1WEVX46+hVUK+zRPzAahDJ7G0TApvbNkuy5wx7aoUyEk++HHde0XuQnshXnt8jsddA=="],

    "@types/body-parser/@types/node/undici-types": ["undici-types@6.20.0", "", {}, ""],

    "@types/connect/@types/node/undici-types": ["undici-types@6.20.0", "", {}, ""],

    "@types/express-serve-static-core/@types/node/undici-types": ["undici-types@6.20.0", "", {}, ""],

    "@types/jsonwebtoken/@types/node/undici-types": ["undici-types@6.20.0", "", {}, ""],

    "@types/request/@types/node/undici-types": ["undici-types@6.20.0", "", {}, ""],

    "@types/send/@types/node/undici-types": ["undici-types@6.20.0", "", {}, ""],

    "@types/serve-static/@types/node/undici-types": ["undici-types@6.20.0", "", {}, ""],

    "firebase-admin/@types/node/undici-types": ["undici-types@6.20.0", "", {}, ""],

    "jsonwebtoken/jws/jwa": ["jwa@1.4.1", "", { "dependencies": { "buffer-equal-constant-time": "1.0.1", "ecdsa-sig-formatter": "1.0.11", "safe-buffer": "^5.0.1" } }, ""],

    "protobufjs/@types/node/undici-types": ["undici-types@6.20.0", "", {}, ""],

    "teeny-request/https-proxy-agent/agent-base": ["agent-base@6.0.2", "", { "dependencies": { "debug": "4" } }, ""],
  }
}
